
Microsoft Visual Studio Solution File, Format Version 12.00
# Visual Studio 15
VisualStudioVersion = 15.0.26430.16
MinimumVisualStudioVersion = 10.0.40219.1
Project("{9A19103F-16F7-4668-BE54-9A1E7A4F7556}") = "lib", "lib\lib.csproj", "{14B549C6-C11F-441A-8458-85E156FD3E9D}"
EndProject
Project("{9A19103F-16F7-4668-BE54-9A1E7A4F7556}") = "worker", "worker\worker.csproj", "{282B1902-191B-40F0-9A76-C8E4ED1EC474}"
EndProject
Project("{FAE04EC0-301F-11D3-BF4B-00C04F79EFBC}") = "VizApp", "VizApp\VizApp.csproj", "{2452A47E-D56C-4D48-8D19-01461B1B0526}"
EndProject
Project("{FAE04EC0-301F-11D3-BF4B-00C04F79EFBC}") = "ConsoleApp", "ConsoleApp\ConsoleApp.csproj", "{A57A4286-58CB-4D82-BB8F-D3DA51A2B656}"
EndProject
Project("{FAE04EC0-301F-11D3-BF4B-00C04F79EFBC}") = "Pack", "Pack\Pack.csproj", "{3463DF59-6D2D-4BBF-8D33-523F9D7C950D}"
EndProject
Global
	GlobalSection(SolutionConfigurationPlatforms) = preSolution
		Debug|Any CPU = Debug|Any CPU
		Release|Any CPU = Release|Any CPU
	EndGlobalSection
	GlobalSection(ProjectConfigurationPlatforms) = postSolution
		{14B549C6-C11F-441A-8458-85E156FD3E9D}.Debug|Any CPU.ActiveCfg = Debug|Any CPU
		{14B549C6-C11F-441A-8458-85E156FD3E9D}.Debug|Any CPU.Build.0 = Debug|Any CPU
		{14B549C6-C11F-441A-8458-85E156FD3E9D}.Release|Any CPU.ActiveCfg = Release|Any CPU
		{14B549C6-C11F-441A-8458-85E156FD3E9D}.Release|Any CPU.Build.0 = Release|Any CPU
		{282B1902-191B-40F0-9A76-C8E4ED1EC474}.Debug|Any CPU.ActiveCfg = Debug|Any CPU
		{282B1902-191B-40F0-9A76-C8E4ED1EC474}.Debug|Any CPU.Build.0 = Debug|Any CPU
		{282B1902-191B-40F0-9A76-C8E4ED1EC474}.Release|Any CPU.ActiveCfg = Release|Any CPU
		{282B1902-191B-40F0-9A76-C8E4ED1EC474}.Release|Any CPU.Build.0 = Release|Any CPU
		{2452A47E-D56C-4D48-8D19-01461B1B0526}.Debug|Any CPU.ActiveCfg = Debug|Any CPU
		{2452A47E-D56C-4D48-8D19-01461B1B0526}.Debug|Any CPU.Build.0 = Debug|Any CPU
		{2452A47E-D56C-4D48-8D19-01461B1B0526}.Release|Any CPU.ActiveCfg = Release|Any CPU
		{A57A4286-58CB-4D82-BB8F-D3DA51A2B656}.Debug|Any CPU.ActiveCfg = Debug|Any CPU
		{A57A4286-58CB-4D82-BB8F-D3DA51A2B656}.Debug|Any CPU.Build.0 = Debug|Any CPU
		{A57A4286-58CB-4D82-BB8F-D3DA51A2B656}.Release|Any CPU.ActiveCfg = Release|Any CPU
		{A57A4286-58CB-4D82-BB8F-D3DA51A2B656}.Release|Any CPU.Build.0 = Release|Any CPU
		{3463DF59-6D2D-4BBF-8D33-523F9D7C950D}.Debug|Any CPU.ActiveCfg = Debug|Any CPU
		{3463DF59-6D2D-4BBF-8D33-523F9D7C950D}.Debug|Any CPU.Build.0 = Debug|Any CPU
		{3463DF59-6D2D-4BBF-8D33-523F9D7C950D}.Release|Any CPU.ActiveCfg = Release|Any CPU
		{3463DF59-6D2D-4BBF-8D33-523F9D7C950D}.Release|Any CPU.Build.0 = Release|Any CPU
	EndGlobalSection
	GlobalSection(SolutionProperties) = preSolution
		HideSolutionNode = FALSE
	EndGlobalSection
EndGlobal
